
Microsoft Visual Studio Solution File, Format Version 12.00
# Visual Studio Version 17
VisualStudioVersion = 17.7.34221.43
MinimumVisualStudioVersion = 10.0.40219.1
Project("{FAE04EC0-301F-11D3-BF4B-00C04F79EFBC}") = "Project", "WindowsFormsApp1\Project.csproj", "{1C1193D6-4A87-456F-AAED-0CA716AA44CC}"
EndProject
Global
	GlobalSection(SolutionConfigurationPlatforms) = preSolution
		Debug|Any CPU = Debug|Any CPU
		Release|Any CPU = Release|Any CPU
	EndGlobalSection
	GlobalSection(ProjectConfigurationPlatforms) = postSolution
		{1C1193D6-4A87-456F-AAED-0CA716AA44CC}.Debug|Any CPU.ActiveCfg = Debug|Any CPU
		{1C1193D6-4A87-456F-AAED-0CA716AA44CC}.Debug|Any CPU.Build.0 = Debug|Any CPU
		{1C1193D6-4A87-456F-AAED-0CA716AA44CC}.Release|Any CPU.ActiveCfg = Release|Any CPU
		{1C1193D6-4A87-456F-AAED-0CA716AA44CC}.Release|Any CPU.Build.0 = Release|Any CPU
	EndGlobalSection
	GlobalSection(SolutionProperties) = preSolution
		HideSolutionNode = FALSE
	EndGlobalSection
	GlobalSection(ExtensibilityGlobals) = postSolution
		SolutionGuid = {AB51C4F1-9A64-4223-990E-0E1DEB87FD49}
	EndGlobalSection
EndGlobal
